
Microsoft Visual Studio Solution File, Format Version 12.00
# Visual Studio Version 16
VisualStudioVersion = 16.0.29519.87
MinimumVisualStudioVersion = 10.0.40219.1
Project("{FAE04EC0-301F-11D3-BF4B-00C04F79EFBC}") = "AFDEMPExc2", "AFDEMPExc2\AFDEMPExc2.csproj", "{EAC3001A-9359-4803-832C-69EC39D2AFAB}"
EndProject
Global
	GlobalSection(SolutionConfigurationPlatforms) = preSolution
		Debug|Any CPU = Debug|Any CPU
		Release|Any CPU = Release|Any CPU
	EndGlobalSection
	GlobalSection(ProjectConfigurationPlatforms) = postSolution
		{EAC3001A-9359-4803-832C-69EC39D2AFAB}.Debug|Any CPU.ActiveCfg = Debug|Any CPU
		{EAC3001A-9359-4803-832C-69EC39D2AFAB}.Debug|Any CPU.Build.0 = Debug|Any CPU
		{EAC3001A-9359-4803-832C-69EC39D2AFAB}.Release|Any CPU.ActiveCfg = Release|Any CPU
		{EAC3001A-9359-4803-832C-69EC39D2AFAB}.Release|Any CPU.Build.0 = Release|Any CPU
	EndGlobalSection
	GlobalSection(SolutionProperties) = preSolution
		HideSolutionNode = FALSE
	EndGlobalSection
	GlobalSection(ExtensibilityGlobals) = postSolution
		SolutionGuid = {D078335C-BD7B-45AD-BCBA-433BB1E91E78}
	EndGlobalSection
EndGlobal
